
Microsoft Visual Studio Solution File, Format Version 12.00
# Visual Studio Version 17
VisualStudioVersion = 17.5.33627.172
MinimumVisualStudioVersion = 10.0.40219.1
Project("{FAE04EC0-301F-11D3-BF4B-00C04F79EFBC}") = "IsTakip", "IsTakip\IsTakip.csproj", "{0E097010-3811-461E-B8CC-37C5869C8C28}"
EndProject
Global
	GlobalSection(SolutionConfigurationPlatforms) = preSolution
		Debug|Any CPU = Debug|Any CPU
		Release|Any CPU = Release|Any CPU
	EndGlobalSection
	GlobalSection(ProjectConfigurationPlatforms) = postSolution
		{0E097010-3811-461E-B8CC-37C5869C8C28}.Debug|Any CPU.ActiveCfg = Debug|Any CPU
		{0E097010-3811-461E-B8CC-37C5869C8C28}.Debug|Any CPU.Build.0 = Debug|Any CPU
		{0E097010-3811-461E-B8CC-37C5869C8C28}.Release|Any CPU.ActiveCfg = Release|Any CPU
		{0E097010-3811-461E-B8CC-37C5869C8C28}.Release|Any CPU.Build.0 = Release|Any CPU
	EndGlobalSection
	GlobalSection(SolutionProperties) = preSolution
		HideSolutionNode = FALSE
	EndGlobalSection
	GlobalSection(ExtensibilityGlobals) = postSolution
		SolutionGuid = {943F9209-50BD-4318-945E-50AEB1C29C64}
	EndGlobalSection
EndGlobal
